
Microsoft Visual Studio Solution File, Format Version 12.00
# Visual Studio Version 16
VisualStudioVersion = 16.0.29709.97
MinimumVisualStudioVersion = 10.0.40219.1
Project("{FAE04EC0-301F-11D3-BF4B-00C04F79EFBC}") = "MvcMovie", "MvcMovie\MvcMovie.csproj", "{3C04EB4E-35DA-4A61-9E82-9113D2BCFD69}"
EndProject
Global
	GlobalSection(SolutionConfigurationPlatforms) = preSolution
		Debug|Any CPU = Debug|Any CPU
		Release|Any CPU = Release|Any CPU
	EndGlobalSection
	GlobalSection(ProjectConfigurationPlatforms) = postSolution
		{3C04EB4E-35DA-4A61-9E82-9113D2BCFD69}.Debug|Any CPU.ActiveCfg = Debug|Any CPU
		{3C04EB4E-35DA-4A61-9E82-9113D2BCFD69}.Debug|Any CPU.Build.0 = Debug|Any CPU
		{3C04EB4E-35DA-4A61-9E82-9113D2BCFD69}.Release|Any CPU.ActiveCfg = Release|Any CPU
		{3C04EB4E-35DA-4A61-9E82-9113D2BCFD69}.Release|Any CPU.Build.0 = Release|Any CPU
	EndGlobalSection
	GlobalSection(SolutionProperties) = preSolution
		HideSolutionNode = FALSE
	EndGlobalSection
	GlobalSection(ExtensibilityGlobals) = postSolution
		SolutionGuid = {4E3A9299-CD7B-466F-97E8-ECF3CF74D80B}
	EndGlobalSection
EndGlobal
